
Microsoft Visual Studio Solution File, Format Version 12.00
# Visual Studio Version 16
VisualStudioVersion = 25.0.1706.14
MinimumVisualStudioVersion = 10.0.40219.1
Project("{FAE04EC0-301F-11D3-BF4B-00C04F79EFBC}") = "FinanaceApp", "FinanaceApp\FinanaceApp.csproj", "{DF9FC6D2-9264-4111-9CF7-789055274310}"
EndProject
Global
	GlobalSection(SolutionConfigurationPlatforms) = preSolution
		Debug|Any CPU = Debug|Any CPU
		Release|Any CPU = Release|Any CPU
	EndGlobalSection
	GlobalSection(ProjectConfigurationPlatforms) = postSolution
		{DF9FC6D2-9264-4111-9CF7-789055274310}.Debug|Any CPU.ActiveCfg = Debug|Any CPU
		{DF9FC6D2-9264-4111-9CF7-789055274310}.Debug|Any CPU.Build.0 = Debug|Any CPU
		{DF9FC6D2-9264-4111-9CF7-789055274310}.Release|Any CPU.ActiveCfg = Release|Any CPU
		{DF9FC6D2-9264-4111-9CF7-789055274310}.Release|Any CPU.Build.0 = Release|Any CPU
	EndGlobalSection
	GlobalSection(SolutionProperties) = preSolution
		HideSolutionNode = FALSE
	EndGlobalSection
	GlobalSection(ExtensibilityGlobals) = postSolution
		SolutionGuid = {041A0C2F-70CA-44E9-9291-C90A31BC133C}
	EndGlobalSection
EndGlobal
